// !$*UTF8*$!
{
	archiveVersion = 1;
	classes = {
	};
	objectVersion = 50;
	objects = {

/* Begin PBXBuildFile section */
		52A2D6DB25F1F56A005027A9 /* AppDelegate.swift in Sources */ = {isa = PBXBuildFile; fileRef = 52A2D6DA25F1F56A005027A9 /* AppDelegate.swift */; };
		52A2D6DD25F1F56A005027A9 /* SceneDelegate.swift in Sources */ = {isa = PBXBuildFile; fileRef = 52A2D6DC25F1F56A005027A9 /* SceneDelegate.swift */; };
		52A2D6E725F1F56D005027A9 /* LaunchScreen.storyboard in Resources */ = {isa = PBXBuildFile; fileRef = 52A2D6E525F1F56D005027A9 /* LaunchScreen.storyboard */; };
		52A2D6F225F1F56D005027A9 /* MarvelComicTests.swift in Sources */ = {isa = PBXBuildFile; fileRef = 52A2D6F125F1F56D005027A9 /* MarvelComicTests.swift */; };
		52A2D6FD25F1F56D005027A9 /* MarvelComicUITests.swift in Sources */ = {isa = PBXBuildFile; fileRef = 52A2D6FC25F1F56D005027A9 /* MarvelComicUITests.swift */; };
		52A2D73B25F1FB0C005027A9 /* Images.xcassets in Resources */ = {isa = PBXBuildFile; fileRef = 52A2D73A25F1FB0C005027A9 /* Images.xcassets */; };
		52A2D74425F30200005027A9 /* PrincipalList.storyboard in Resources */ = {isa = PBXBuildFile; fileRef = 52A2D74325F30200005027A9 /* PrincipalList.storyboard */; };
		52A2D74925F3024E005027A9 /* PrincipalListViewController.swift in Sources */ = {isa = PBXBuildFile; fileRef = 52A2D74825F3024E005027A9 /* PrincipalListViewController.swift */; };
		52A2D75C25F307AF005027A9 /* Sesion.swift in Sources */ = {isa = PBXBuildFile; fileRef = 52A2D75B25F307AF005027A9 /* Sesion.swift */; };
		52A2D76225F30A2F005027A9 /* Encryptor.swift in Sources */ = {isa = PBXBuildFile; fileRef = 52A2D76125F30A2F005027A9 /* Encryptor.swift */; };
		52A2D76825F314CC005027A9 /* PrincipalListPresenter.swift in Sources */ = {isa = PBXBuildFile; fileRef = 52A2D76725F314CC005027A9 /* PrincipalListPresenter.swift */; };
		52A2D76E25F315AF005027A9 /* ComicConector.swift in Sources */ = {isa = PBXBuildFile; fileRef = 52A2D76D25F315AF005027A9 /* ComicConector.swift */; };
		52A2D77325F31977005027A9 /* Results.swift in Sources */ = {isa = PBXBuildFile; fileRef = 52A2D77225F31977005027A9 /* Results.swift */; };
		52A2D77925F31C8B005027A9 /* ComicStruct.swift in Sources */ = {isa = PBXBuildFile; fileRef = 52A2D77825F31C8B005027A9 /* ComicStruct.swift */; };
		52A2D78925F331EF005027A9 /* ResponseDataComicStruct.swift in Sources */ = {isa = PBXBuildFile; fileRef = 52A2D78825F331EF005027A9 /* ResponseDataComicStruct.swift */; };
		52A2D78E25F334E6005027A9 /* PriceStruct.swift in Sources */ = {isa = PBXBuildFile; fileRef = 52A2D78D25F334E6005027A9 /* PriceStruct.swift */; };
		52A2D79325F33630005027A9 /* DateStruct.swift in Sources */ = {isa = PBXBuildFile; fileRef = 52A2D79225F33630005027A9 /* DateStruct.swift */; };
		52A2D79825F33705005027A9 /* ImageStruct.swift in Sources */ = {isa = PBXBuildFile; fileRef = 52A2D79725F33705005027A9 /* ImageStruct.swift */; };
		52A2D7A025F34174005027A9 /* Extensions.swift in Sources */ = {isa = PBXBuildFile; fileRef = 52A2D79F25F34174005027A9 /* Extensions.swift */; };
		52A2D7A525F342DD005027A9 /* Color.xcassets in Resources */ = {isa = PBXBuildFile; fileRef = 52A2D7A425F342DD005027A9 /* Color.xcassets */; };
		52A2D7C825F41954005027A9 /* TabLayoutCollectionViewCell.swift in Sources */ = {isa = PBXBuildFile; fileRef = 52A2D7C725F41954005027A9 /* TabLayoutCollectionViewCell.swift */; };
		52A2D7D025F42A48005027A9 /* ListTableViewCell.swift in Sources */ = {isa = PBXBuildFile; fileRef = 52A2D7CF25F42A48005027A9 /* ListTableViewCell.swift */; };
		52A2D7F525F46B51005027A9 /* ResponseComicStruct.swift in Sources */ = {isa = PBXBuildFile; fileRef = 52A2D7F425F46B51005027A9 /* ResponseComicStruct.swift */; };
		52A2D7FD25F46B72005027A9 /* ResponseDataCharacterStruct.swift in Sources */ = {isa = PBXBuildFile; fileRef = 52A2D7FC25F46B72005027A9 /* ResponseDataCharacterStruct.swift */; };
		52A2D80225F46BC5005027A9 /* CharacterStruct.swift in Sources */ = {isa = PBXBuildFile; fileRef = 52A2D80125F46BC5005027A9 /* CharacterStruct.swift */; };
		52A2D80825F46CF5005027A9 /* urlsStruct.swift in Sources */ = {isa = PBXBuildFile; fileRef = 52A2D80725F46CF5005027A9 /* urlsStruct.swift */; };
		52A2D81F25F47235005027A9 /* CharacterConector.swift in Sources */ = {isa = PBXBuildFile; fileRef = 52A2D81E25F47235005027A9 /* CharacterConector.swift */; };
		52A2D82425F473E0005027A9 /* ResponseCharacterSruct.swift in Sources */ = {isa = PBXBuildFile; fileRef = 52A2D82325F473E0005027A9 /* ResponseCharacterSruct.swift */; };
		52A2D82C25F4A135005027A9 /* ComicsStruct.swift in Sources */ = {isa = PBXBuildFile; fileRef = 52A2D82B25F4A135005027A9 /* ComicsStruct.swift */; };
		52A2D83125F4A1C1005027A9 /* ItemStruct.swift in Sources */ = {isa = PBXBuildFile; fileRef = 52A2D83025F4A1C1005027A9 /* ItemStruct.swift */; };
		52A2D83625F4A269005027A9 /* SerieStruct.swift in Sources */ = {isa = PBXBuildFile; fileRef = 52A2D83525F4A269005027A9 /* SerieStruct.swift */; };
		52A2D83E25F4A41B005027A9 /* StorieStruct.swift in Sources */ = {isa = PBXBuildFile; fileRef = 52A2D83D25F4A41B005027A9 /* StorieStruct.swift */; };
		52A2D84625F4A499005027A9 /* EventStruct.swift in Sources */ = {isa = PBXBuildFile; fileRef = 52A2D84525F4A499005027A9 /* EventStruct.swift */; };
		52CF521B25F72CDF002EC0E8 /* ComicDetail.storyboard in Resources */ = {isa = PBXBuildFile; fileRef = 52CF521A25F72CDF002EC0E8 /* ComicDetail.storyboard */; };
		52CF522025F72CFE002EC0E8 /* ComicDetailViewController.swift in Sources */ = {isa = PBXBuildFile; fileRef = 52CF521F25F72CFE002EC0E8 /* ComicDetailViewController.swift */; };
		52CF522525F72D11002EC0E8 /* ComicDetailPresenter.swift in Sources */ = {isa = PBXBuildFile; fileRef = 52CF522425F72D11002EC0E8 /* ComicDetailPresenter.swift */; };
		52CF522D25F751C6002EC0E8 /* Formater.swift in Sources */ = {isa = PBXBuildFile; fileRef = 52CF522C25F751C6002EC0E8 /* Formater.swift */; };
		52CF523B25F759E7002EC0E8 /* GaleryItemCollectionViewCell.swift in Sources */ = {isa = PBXBuildFile; fileRef = 52CF523A25F759E7002EC0E8 /* GaleryItemCollectionViewCell.swift */; };
		52CF524025F75AC1002EC0E8 /* CharactersStruct.swift in Sources */ = {isa = PBXBuildFile; fileRef = 52CF523F25F75AC1002EC0E8 /* CharactersStruct.swift */; };
/* End PBXBuildFile section */

/* Begin PBXContainerItemProxy section */
		52A2D6EE25F1F56D005027A9 /* PBXContainerItemProxy */ = {
			isa = PBXContainerItemProxy;
			containerPortal = 52A2D6CF25F1F56A005027A9 /* Project object */;
			proxyType = 1;
			remoteGlobalIDString = 52A2D6D625F1F56A005027A9;
			remoteInfo = MarvelComic;
		};
		52A2D6F925F1F56D005027A9 /* PBXContainerItemProxy */ = {
			isa = PBXContainerItemProxy;
			containerPortal = 52A2D6CF25F1F56A005027A9 /* Project object */;
			proxyType = 1;
			remoteGlobalIDString = 52A2D6D625F1F56A005027A9;
			remoteInfo = MarvelComic;
		};
/* End PBXContainerItemProxy section */

/* Begin PBXFileReference section */
		52A2D6D725F1F56A005027A9 /* MarvelComic.app */ = {isa = PBXFileReference; explicitFileType = wrapper.application; includeInIndex = 0; path = MarvelComic.app; sourceTree = BUILT_PRODUCTS_DIR; };
		52A2D6DA25F1F56A005027A9 /* AppDelegate.swift */ = {isa = PBXFileReference; lastKnownFileType = sourcecode.swift; path = AppDelegate.swift; sourceTree = "<group>"; };
		52A2D6DC25F1F56A005027A9 /* SceneDelegate.swift */ = {isa = PBXFileReference; lastKnownFileType = sourcecode.swift; path = SceneDelegate.swift; sourceTree = "<group>"; };
		52A2D6E625F1F56D005027A9 /* Base */ = {isa = PBXFileReference; lastKnownFileType = file.storyboard; name = Base; path = Base.lproj/LaunchScreen.storyboard; sourceTree = "<group>"; };
		52A2D6E825F1F56D005027A9 /* Info.plist */ = {isa = PBXFileReference; lastKnownFileType = text.plist.xml; path = Info.plist; sourceTree = "<group>"; };
		52A2D6ED25F1F56D005027A9 /* MarvelComicTests.xctest */ = {isa = PBXFileReference; explicitFileType = wrapper.cfbundle; includeInIndex = 0; path = MarvelComicTests.xctest; sourceTree = BUILT_PRODUCTS_DIR; };
		52A2D6F125F1F56D005027A9 /* MarvelComicTests.swift */ = {isa = PBXFileReference; lastKnownFileType = sourcecode.swift; path = MarvelComicTests.swift; sourceTree = "<group>"; };
		52A2D6F325F1F56D005027A9 /* Info.plist */ = {isa = PBXFileReference; lastKnownFileType = text.plist.xml; path = Info.plist; sourceTree = "<group>"; };
		52A2D6F825F1F56D005027A9 /* MarvelComicUITests.xctest */ = {isa = PBXFileReference; explicitFileType = wrapper.cfbundle; includeInIndex = 0; path = MarvelComicUITests.xctest; sourceTree = BUILT_PRODUCTS_DIR; };
		52A2D6FC25F1F56D005027A9 /* MarvelComicUITests.swift */ = {isa = PBXFileReference; lastKnownFileType = sourcecode.swift; path = MarvelComicUITests.swift; sourceTree = "<group>"; };
		52A2D6FE25F1F56D005027A9 /* Info.plist */ = {isa = PBXFileReference; lastKnownFileType = text.plist.xml; path = Info.plist; sourceTree = "<group>"; };
		52A2D73A25F1FB0C005027A9 /* Images.xcassets */ = {isa = PBXFileReference; lastKnownFileType = folder.assetcatalog; name = Images.xcassets; path = ../Images.xcassets; sourceTree = "<group>"; };
		52A2D74325F30200005027A9 /* PrincipalList.storyboard */ = {isa = PBXFileReference; lastKnownFileType = file.storyboard; path = PrincipalList.storyboard; sourceTree = "<group>"; };
		52A2D74825F3024E005027A9 /* PrincipalListViewController.swift */ = {isa = PBXFileReference; lastKnownFileType = sourcecode.swift; path = PrincipalListViewController.swift; sourceTree = "<group>"; };
		52A2D75B25F307AF005027A9 /* Sesion.swift */ = {isa = PBXFileReference; lastKnownFileType = sourcecode.swift; path = Sesion.swift; sourceTree = "<group>"; };
		52A2D76125F30A2F005027A9 /* Encryptor.swift */ = {isa = PBXFileReference; lastKnownFileType = sourcecode.swift; path = Encryptor.swift; sourceTree = "<group>"; };
		52A2D76725F314CC005027A9 /* PrincipalListPresenter.swift */ = {isa = PBXFileReference; lastKnownFileType = sourcecode.swift; path = PrincipalListPresenter.swift; sourceTree = "<group>"; };
		52A2D76D25F315AF005027A9 /* ComicConector.swift */ = {isa = PBXFileReference; lastKnownFileType = sourcecode.swift; path = ComicConector.swift; sourceTree = "<group>"; };
		52A2D77225F31977005027A9 /* Results.swift */ = {isa = PBXFileReference; lastKnownFileType = sourcecode.swift; path = Results.swift; sourceTree = "<group>"; };
		52A2D77825F31C8B005027A9 /* ComicStruct.swift */ = {isa = PBXFileReference; lastKnownFileType = sourcecode.swift; path = ComicStruct.swift; sourceTree = "<group>"; };
		52A2D78825F331EF005027A9 /* ResponseDataComicStruct.swift */ = {isa = PBXFileReference; lastKnownFileType = sourcecode.swift; path = ResponseDataComicStruct.swift; sourceTree = "<group>"; };
		52A2D78D25F334E6005027A9 /* PriceStruct.swift */ = {isa = PBXFileReference; lastKnownFileType = sourcecode.swift; path = PriceStruct.swift; sourceTree = "<group>"; };
		52A2D79225F33630005027A9 /* DateStruct.swift */ = {isa = PBXFileReference; lastKnownFileType = sourcecode.swift; path = DateStruct.swift; sourceTree = "<group>"; };
		52A2D79725F33705005027A9 /* ImageStruct.swift */ = {isa = PBXFileReference; lastKnownFileType = sourcecode.swift; path = ImageStruct.swift; sourceTree = "<group>"; };
		52A2D79F25F34174005027A9 /* Extensions.swift */ = {isa = PBXFileReference; lastKnownFileType = sourcecode.swift; path = Extensions.swift; sourceTree = "<group>"; };
		52A2D7A425F342DD005027A9 /* Color.xcassets */ = {isa = PBXFileReference; lastKnownFileType = folder.assetcatalog; path = Color.xcassets; sourceTree = "<group>"; };
		52A2D7C725F41954005027A9 /* TabLayoutCollectionViewCell.swift */ = {isa = PBXFileReference; lastKnownFileType = sourcecode.swift; path = TabLayoutCollectionViewCell.swift; sourceTree = "<group>"; };
		52A2D7CF25F42A48005027A9 /* ListTableViewCell.swift */ = {isa = PBXFileReference; lastKnownFileType = sourcecode.swift; path = ListTableViewCell.swift; sourceTree = "<group>"; };
		52A2D7DD25F45703005027A9 /* MarvelFont.ttf */ = {isa = PBXFileReference; lastKnownFileType = file; path = MarvelFont.ttf; sourceTree = "<group>"; };
		52A2D7F425F46B51005027A9 /* ResponseComicStruct.swift */ = {isa = PBXFileReference; lastKnownFileType = sourcecode.swift; path = ResponseComicStruct.swift; sourceTree = "<group>"; };
		52A2D7FC25F46B72005027A9 /* ResponseDataCharacterStruct.swift */ = {isa = PBXFileReference; lastKnownFileType = sourcecode.swift; path = ResponseDataCharacterStruct.swift; sourceTree = "<group>"; };
		52A2D80125F46BC5005027A9 /* CharacterStruct.swift */ = {isa = PBXFileReference; lastKnownFileType = sourcecode.swift; path = CharacterStruct.swift; sourceTree = "<group>"; };
		52A2D80725F46CF5005027A9 /* urlsStruct.swift */ = {isa = PBXFileReference; lastKnownFileType = sourcecode.swift; path = urlsStruct.swift; sourceTree = "<group>"; };
		52A2D81E25F47235005027A9 /* CharacterConector.swift */ = {isa = PBXFileReference; lastKnownFileType = sourcecode.swift; path = CharacterConector.swift; sourceTree = "<group>"; };
		52A2D82325F473E0005027A9 /* ResponseCharacterSruct.swift */ = {isa = PBXFileReference; lastKnownFileType = sourcecode.swift; path = ResponseCharacterSruct.swift; sourceTree = "<group>"; };
		52A2D82B25F4A135005027A9 /* ComicsStruct.swift */ = {isa = PBXFileReference; lastKnownFileType = sourcecode.swift; path = ComicsStruct.swift; sourceTree = "<group>"; };
		52A2D83025F4A1C1005027A9 /* ItemStruct.swift */ = {isa = PBXFileReference; lastKnownFileType = sourcecode.swift; path = ItemStruct.swift; sourceTree = "<group>"; };
		52A2D83525F4A269005027A9 /* SerieStruct.swift */ = {isa = PBXFileReference; lastKnownFileType = sourcecode.swift; path = SerieStruct.swift; sourceTree = "<group>"; };
		52A2D83D25F4A41B005027A9 /* StorieStruct.swift */ = {isa = PBXFileReference; lastKnownFileType = sourcecode.swift; path = StorieStruct.swift; sourceTree = "<group>"; };
		52A2D84525F4A499005027A9 /* EventStruct.swift */ = {isa = PBXFileReference; lastKnownFileType = sourcecode.swift; path = EventStruct.swift; sourceTree = "<group>"; };
		52CF521A25F72CDF002EC0E8 /* ComicDetail.storyboard */ = {isa = PBXFileReference; lastKnownFileType = file.storyboard; path = ComicDetail.storyboard; sourceTree = "<group>"; };
		52CF521F25F72CFE002EC0E8 /* ComicDetailViewController.swift */ = {isa = PBXFileReference; lastKnownFileType = sourcecode.swift; path = ComicDetailViewController.swift; sourceTree = "<group>"; };
		52CF522425F72D11002EC0E8 /* ComicDetailPresenter.swift */ = {isa = PBXFileReference; lastKnownFileType = sourcecode.swift; path = ComicDetailPresenter.swift; sourceTree = "<group>"; };
		52CF522C25F751C6002EC0E8 /* Formater.swift */ = {isa = PBXFileReference; lastKnownFileType = sourcecode.swift; path = Formater.swift; sourceTree = "<group>"; };
		52CF523A25F759E7002EC0E8 /* GaleryItemCollectionViewCell.swift */ = {isa = PBXFileReference; lastKnownFileType = sourcecode.swift; path = GaleryItemCollectionViewCell.swift; sourceTree = "<group>"; };
		52CF523F25F75AC1002EC0E8 /* CharactersStruct.swift */ = {isa = PBXFileReference; lastKnownFileType = sourcecode.swift; path = CharactersStruct.swift; sourceTree = "<group>"; };
/* End PBXFileReference section */

/* Begin PBXFrameworksBuildPhase section */
		52A2D6D425F1F56A005027A9 /* Frameworks */ = {
			isa = PBXFrameworksBuildPhase;
			buildActionMask = 2147483647;
			files = (
			);
			runOnlyForDeploymentPostprocessing = 0;
		};
		52A2D6EA25F1F56D005027A9 /* Frameworks */ = {
			isa = PBXFrameworksBuildPhase;
			buildActionMask = 2147483647;
			files = (
			);
			runOnlyForDeploymentPostprocessing = 0;
		};
		52A2D6F525F1F56D005027A9 /* Frameworks */ = {
			isa = PBXFrameworksBuildPhase;
			buildActionMask = 2147483647;
			files = (
			);
			runOnlyForDeploymentPostprocessing = 0;
		};
/* End PBXFrameworksBuildPhase section */

/* Begin PBXGroup section */
		52A2D6CE25F1F56A005027A9 = {
			isa = PBXGroup;
			children = (
				52A2D6D925F1F56A005027A9 /* MarvelComic */,
				52A2D6F025F1F56D005027A9 /* MarvelComicTests */,
				52A2D6FB25F1F56D005027A9 /* MarvelComicUITests */,
				52A2D6D825F1F56A005027A9 /* Products */,
			);
			sourceTree = "<group>";
		};
		52A2D6D825F1F56A005027A9 /* Products */ = {
			isa = PBXGroup;
			children = (
				52A2D6D725F1F56A005027A9 /* MarvelComic.app */,
				52A2D6ED25F1F56D005027A9 /* MarvelComicTests.xctest */,
				52A2D6F825F1F56D005027A9 /* MarvelComicUITests.xctest */,
			);
			name = Products;
			sourceTree = "<group>";
		};
		52A2D6D925F1F56A005027A9 /* MarvelComic */ = {
			isa = PBXGroup;
			children = (
				52A2D71025F1F94B005027A9 /* App */,
				52A2D71125F1F956005027A9 /* Base */,
				52A2D71225F1F964005027A9 /* Resources */,
			);
			path = MarvelComic;
			sourceTree = "<group>";
		};
		52A2D6F025F1F56D005027A9 /* MarvelComicTests */ = {
			isa = PBXGroup;
			children = (
				52A2D6F125F1F56D005027A9 /* MarvelComicTests.swift */,
				52A2D6F325F1F56D005027A9 /* Info.plist */,
			);
			path = MarvelComicTests;
			sourceTree = "<group>";
		};
		52A2D6FB25F1F56D005027A9 /* MarvelComicUITests */ = {
			isa = PBXGroup;
			children = (
				52A2D6FC25F1F56D005027A9 /* MarvelComicUITests.swift */,
				52A2D6FE25F1F56D005027A9 /* Info.plist */,
			);
			path = MarvelComicUITests;
			sourceTree = "<group>";
		};
		52A2D71025F1F94B005027A9 /* App */ = {
			isa = PBXGroup;
			children = (
				52A2D71525F1F9E5005027A9 /* System */,
				52A2D71325F1F9D2005027A9 /* Main */,
			);
			path = App;
			sourceTree = "<group>";
		};
		52A2D71125F1F956005027A9 /* Base */ = {
			isa = PBXGroup;
			children = (
				52A2D6DA25F1F56A005027A9 /* AppDelegate.swift */,
				52A2D6E825F1F56D005027A9 /* Info.plist */,
				52A2D6DC25F1F56A005027A9 /* SceneDelegate.swift */,
				52A2D6E525F1F56D005027A9 /* LaunchScreen.storyboard */,
			);
			path = Base;
			sourceTree = "<group>";
		};
		52A2D71225F1F964005027A9 /* Resources */ = {
			isa = PBXGroup;
			children = (
				52A2D7DD25F45703005027A9 /* MarvelFont.ttf */,
				52A2D73A25F1FB0C005027A9 /* Images.xcassets */,
				52A2D7A425F342DD005027A9 /* Color.xcassets */,
			);
			path = Resources;
			sourceTree = "<group>";
		};
		52A2D71325F1F9D2005027A9 /* Main */ = {
			isa = PBXGroup;
			children = (
				52A2D7BB25F41795005027A9 /* Cells */,
				52CF521925F72CB7002EC0E8 /* ComicDetail */,
				52A2D74225F301E6005027A9 /* PrincipalList */,
			);
			path = Main;
			sourceTree = "<group>";
		};
		52A2D71525F1F9E5005027A9 /* System */ = {
			isa = PBXGroup;
			children = (
				52A2D77725F31C79005027A9 /* Structs */,
				52A2D76C25F31592005027A9 /* Api */,
				52A2D76025F30A0A005027A9 /* Tools */,
				52A2D75925F3078A005027A9 /* Sesion */,
			);
			path = System;
			sourceTree = "<group>";
		};
		52A2D74225F301E6005027A9 /* PrincipalList */ = {
			isa = PBXGroup;
			children = (
				52A2D74325F30200005027A9 /* PrincipalList.storyboard */,
				52A2D74825F3024E005027A9 /* PrincipalListViewController.swift */,
				52A2D76725F314CC005027A9 /* PrincipalListPresenter.swift */,
			);
			path = PrincipalList;
			sourceTree = "<group>";
		};
		52A2D75925F3078A005027A9 /* Sesion */ = {
			isa = PBXGroup;
			children = (
				52A2D75B25F307AF005027A9 /* Sesion.swift */,
			);
			path = Sesion;
			sourceTree = "<group>";
		};
		52A2D76025F30A0A005027A9 /* Tools */ = {
			isa = PBXGroup;
			children = (
				52A2D76125F30A2F005027A9 /* Encryptor.swift */,
				52A2D77225F31977005027A9 /* Results.swift */,
				52A2D79F25F34174005027A9 /* Extensions.swift */,
				52CF522C25F751C6002EC0E8 /* Formater.swift */,
			);
			path = Tools;
			sourceTree = "<group>";
		};
		52A2D76C25F31592005027A9 /* Api */ = {
			isa = PBXGroup;
			children = (
				52A2D76D25F315AF005027A9 /* ComicConector.swift */,
				52A2D81E25F47235005027A9 /* CharacterConector.swift */,
			);
			path = Api;
			sourceTree = "<group>";
		};
		52A2D77725F31C79005027A9 /* Structs */ = {
			isa = PBXGroup;
			children = (
				52A2D80625F46CC6005027A9 /* Common */,
				52A2D7F325F46B30005027A9 /* CharacterStruct */,
				52A2D7E625F467DF005027A9 /* ComicStruct */,
			);
			path = Structs;
			sourceTree = "<group>";
		};
		52A2D7BB25F41795005027A9 /* Cells */ = {
			isa = PBXGroup;
			children = (
				52A2D7C725F41954005027A9 /* TabLayoutCollectionViewCell.swift */,
				52A2D7CF25F42A48005027A9 /* ListTableViewCell.swift */,
				52CF523A25F759E7002EC0E8 /* GaleryItemCollectionViewCell.swift */,
			);
			path = Cells;
			sourceTree = "<group>";
		};
		52A2D7E625F467DF005027A9 /* ComicStruct */ = {
			isa = PBXGroup;
			children = (
				52A2D7F425F46B51005027A9 /* ResponseComicStruct.swift */,
				52A2D78825F331EF005027A9 /* ResponseDataComicStruct.swift */,
				52A2D77825F31C8B005027A9 /* ComicStruct.swift */,
				52A2D78D25F334E6005027A9 /* PriceStruct.swift */,
				52A2D79225F33630005027A9 /* DateStruct.swift */,
			);
			path = ComicStruct;
			sourceTree = "<group>";
		};
		52A2D7F325F46B30005027A9 /* CharacterStruct */ = {
			isa = PBXGroup;
			children = (
				52A2D82325F473E0005027A9 /* ResponseCharacterSruct.swift */,
				52A2D7FC25F46B72005027A9 /* ResponseDataCharacterStruct.swift */,
				52A2D80125F46BC5005027A9 /* CharacterStruct.swift */,
				52A2D82B25F4A135005027A9 /* ComicsStruct.swift */,
				52A2D83525F4A269005027A9 /* SerieStruct.swift */,
				52A2D83D25F4A41B005027A9 /* StorieStruct.swift */,
				52A2D84525F4A499005027A9 /* EventStruct.swift */,
				52A2D83025F4A1C1005027A9 /* ItemStruct.swift */,
				52A2D80725F46CF5005027A9 /* urlsStruct.swift */,
			);
			path = CharacterStruct;
			sourceTree = "<group>";
		};
		52A2D80625F46CC6005027A9 /* Common */ = {
			isa = PBXGroup;
			children = (
				52A2D79725F33705005027A9 /* ImageStruct.swift */,
				52CF523F25F75AC1002EC0E8 /* CharactersStruct.swift */,
			);
			path = Common;
			sourceTree = "<group>";
		};
		52CF521925F72CB7002EC0E8 /* ComicDetail */ = {
			isa = PBXGroup;
			children = (
				52CF521A25F72CDF002EC0E8 /* ComicDetail.storyboard */,
				52CF521F25F72CFE002EC0E8 /* ComicDetailViewController.swift */,
				52CF522425F72D11002EC0E8 /* ComicDetailPresenter.swift */,
			);
			path = ComicDetail;
			sourceTree = "<group>";
		};
/* End PBXGroup section */

/* Begin PBXNativeTarget section */
		52A2D6D625F1F56A005027A9 /* MarvelComic */ = {
			isa = PBXNativeTarget;
			buildConfigurationList = 52A2D70125F1F56D005027A9 /* Build configuration list for PBXNativeTarget "MarvelComic" */;
			buildPhases = (
				52A2D6D325F1F56A005027A9 /* Sources */,
				52A2D6D425F1F56A005027A9 /* Frameworks */,
				52A2D6D525F1F56A005027A9 /* Resources */,
			);
			buildRules = (
			);
			dependencies = (
			);
			name = MarvelComic;
			productName = MarvelComic;
			productReference = 52A2D6D725F1F56A005027A9 /* MarvelComic.app */;
			productType = "com.apple.product-type.application";
		};
		52A2D6EC25F1F56D005027A9 /* MarvelComicTests */ = {
			isa = PBXNativeTarget;
			buildConfigurationList = 52A2D70425F1F56D005027A9 /* Build configuration list for PBXNativeTarget "MarvelComicTests" */;
			buildPhases = (
				52A2D6E925F1F56D005027A9 /* Sources */,
				52A2D6EA25F1F56D005027A9 /* Frameworks */,
				52A2D6EB25F1F56D005027A9 /* Resources */,
			);
			buildRules = (
			);
			dependencies = (
				52A2D6EF25F1F56D005027A9 /* PBXTargetDependency */,
			);
			name = MarvelComicTests;
			productName = MarvelComicTests;
			productReference = 52A2D6ED25F1F56D005027A9 /* MarvelComicTests.xctest */;
			productType = "com.apple.product-type.bundle.unit-test";
		};
		52A2D6F725F1F56D005027A9 /* MarvelComicUITests */ = {
			isa = PBXNativeTarget;
			buildConfigurationList = 52A2D70725F1F56D005027A9 /* Build configuration list for PBXNativeTarget "MarvelComicUITests" */;
			buildPhases = (
				52A2D6F425F1F56D005027A9 /* Sources */,
				52A2D6F525F1F56D005027A9 /* Frameworks */,
				52A2D6F625F1F56D005027A9 /* Resources */,
			);
			buildRules = (
			);
			dependencies = (
				52A2D6FA25F1F56D005027A9 /* PBXTargetDependency */,
			);
			name = MarvelComicUITests;
			productName = MarvelComicUITests;
			productReference = 52A2D6F825F1F56D005027A9 /* MarvelComicUITests.xctest */;
			productType = "com.apple.product-type.bundle.ui-testing";
		};
/* End PBXNativeTarget section */

/* Begin PBXProject section */
		52A2D6CF25F1F56A005027A9 /* Project object */ = {
			isa = PBXProject;
			attributes = {
				LastSwiftUpdateCheck = 1240;
				LastUpgradeCheck = 1240;
				TargetAttributes = {
					52A2D6D625F1F56A005027A9 = {
						CreatedOnToolsVersion = 12.4;
					};
					52A2D6EC25F1F56D005027A9 = {
						CreatedOnToolsVersion = 12.4;
						TestTargetID = 52A2D6D625F1F56A005027A9;
					};
					52A2D6F725F1F56D005027A9 = {
						CreatedOnToolsVersion = 12.4;
						TestTargetID = 52A2D6D625F1F56A005027A9;
					};
				};
			};
			buildConfigurationList = 52A2D6D225F1F56A005027A9 /* Build configuration list for PBXProject "MarvelComic" */;
			compatibilityVersion = "Xcode 9.3";
			developmentRegion = en;
			hasScannedForEncodings = 0;
			knownRegions = (
				en,
				Base,
			);
			mainGroup = 52A2D6CE25F1F56A005027A9;
			productRefGroup = 52A2D6D825F1F56A005027A9 /* Products */;
			projectDirPath = "";
			projectRoot = "";
			targets = (
				52A2D6D625F1F56A005027A9 /* MarvelComic */,
				52A2D6EC25F1F56D005027A9 /* MarvelComicTests */,
				52A2D6F725F1F56D005027A9 /* MarvelComicUITests */,
			);
		};
/* End PBXProject section */

/* Begin PBXResourcesBuildPhase section */
		52A2D6D525F1F56A005027A9 /* Resources */ = {
			isa = PBXResourcesBuildPhase;
			buildActionMask = 2147483647;
			files = (
				52A2D73B25F1FB0C005027A9 /* Images.xcassets in Resources */,
				52A2D7A525F342DD005027A9 /* Color.xcassets in Resources */,
				52A2D74425F30200005027A9 /* PrincipalList.storyboard in Resources */,
				52CF521B25F72CDF002EC0E8 /* ComicDetail.storyboard in Resources */,
				52A2D6E725F1F56D005027A9 /* LaunchScreen.storyboard in Resources */,
			);
			runOnlyForDeploymentPostprocessing = 0;
		};
		52A2D6EB25F1F56D005027A9 /* Resources */ = {
			isa = PBXResourcesBuildPhase;
			buildActionMask = 2147483647;
			files = (
			);
			runOnlyForDeploymentPostprocessing = 0;
		};
		52A2D6F625F1F56D005027A9 /* Resources */ = {
			isa = PBXResourcesBuildPhase;
			buildActionMask = 2147483647;
			files = (
			);
			runOnlyForDeploymentPostprocessing = 0;
		};
/* End PBXResourcesBuildPhase section */

/* Begin PBXSourcesBuildPhase section */
		52A2D6D325F1F56A005027A9 /* Sources */ = {
			isa = PBXSourcesBuildPhase;
			buildActionMask = 2147483647;
			files = (
				52A2D78E25F334E6005027A9 /* PriceStruct.swift in Sources */,
				52A2D77925F31C8B005027A9 /* ComicStruct.swift in Sources */,
				52CF524025F75AC1002EC0E8 /* CharactersStruct.swift in Sources */,
				52A2D78925F331EF005027A9 /* ResponseDataComicStruct.swift in Sources */,
				52A2D84625F4A499005027A9 /* EventStruct.swift in Sources */,
				52A2D80825F46CF5005027A9 /* urlsStruct.swift in Sources */,
				52A2D82425F473E0005027A9 /* ResponseCharacterSruct.swift in Sources */,
				52A2D83625F4A269005027A9 /* SerieStruct.swift in Sources */,
				52A2D76E25F315AF005027A9 /* ComicConector.swift in Sources */,
				52A2D75C25F307AF005027A9 /* Sesion.swift in Sources */,
				52A2D83E25F4A41B005027A9 /* StorieStruct.swift in Sources */,
				52A2D7D025F42A48005027A9 /* ListTableViewCell.swift in Sources */,
				52A2D79325F33630005027A9 /* DateStruct.swift in Sources */,
				52CF522525F72D11002EC0E8 /* ComicDetailPresenter.swift in Sources */,
				52A2D82C25F4A135005027A9 /* ComicsStruct.swift in Sources */,
				52A2D79825F33705005027A9 /* ImageStruct.swift in Sources */,
				52A2D7FD25F46B72005027A9 /* ResponseDataCharacterStruct.swift in Sources */,
				52CF523B25F759E7002EC0E8 /* GaleryItemCollectionViewCell.swift in Sources */,
				52A2D7C825F41954005027A9 /* TabLayoutCollectionViewCell.swift in Sources */,
				52A2D77325F31977005027A9 /* Results.swift in Sources */,
				52A2D6DB25F1F56A005027A9 /* AppDelegate.swift in Sources */,
				52A2D83125F4A1C1005027A9 /* ItemStruct.swift in Sources */,
				52A2D7A025F34174005027A9 /* Extensions.swift in Sources */,
				52A2D80225F46BC5005027A9 /* CharacterStruct.swift in Sources */,
				52A2D7F525F46B51005027A9 /* ResponseComicStruct.swift in Sources */,
				52CF522D25F751C6002EC0E8 /* Formater.swift in Sources */,
				52A2D76225F30A2F005027A9 /* Encryptor.swift in Sources */,
				52A2D6DD25F1F56A005027A9 /* SceneDelegate.swift in Sources */,
				52A2D81F25F47235005027A9 /* CharacterConector.swift in Sources */,
				52A2D74925F3024E005027A9 /* PrincipalListViewController.swift in Sources */,
				52A2D76825F314CC005027A9 /* PrincipalListPresenter.swift in Sources */,
				52CF522025F72CFE002EC0E8 /* ComicDetailViewController.swift in Sources */,
			);
			runOnlyForDeploymentPostprocessing = 0;
		};
		52A2D6E925F1F56D005027A9 /* Sources */ = {
			isa = PBXSourcesBuildPhase;
			buildActionMask = 2147483647;
			files = (
				52A2D6F225F1F56D005027A9 /* MarvelComicTests.swift in Sources */,
			);
			runOnlyForDeploymentPostprocessing = 0;
		};
		52A2D6F425F1F56D005027A9 /* Sources */ = {
			isa = PBXSourcesBuildPhase;
			buildActionMask = 2147483647;
			files = (
				52A2D6FD25F1F56D005027A9 /* MarvelComicUITests.swift in Sources */,
			);
			runOnlyForDeploymentPostprocessing = 0;
		};
/* End PBXSourcesBuildPhase section */

/* Begin PBXTargetDependency section */
		52A2D6EF25F1F56D005027A9 /* PBXTargetDependency */ = {
			isa = PBXTargetDependency;
			target = 52A2D6D625F1F56A005027A9 /* MarvelComic */;
			targetProxy = 52A2D6EE25F1F56D005027A9 /* PBXContainerItemProxy */;
		};
		52A2D6FA25F1F56D005027A9 /* PBXTargetDependency */ = {
			isa = PBXTargetDependency;
			target = 52A2D6D625F1F56A005027A9 /* MarvelComic */;
			targetProxy = 52A2D6F925F1F56D005027A9 /* PBXContainerItemProxy */;
		};
/* End PBXTargetDependency section */

/* Begin PBXVariantGroup section */
		52A2D6E525F1F56D005027A9 /* LaunchScreen.storyboard */ = {
			isa = PBXVariantGroup;
			children = (
				52A2D6E625F1F56D005027A9 /* Base */,
			);
			name = LaunchScreen.storyboard;
			sourceTree = "<group>";
		};
/* End PBXVariantGroup section */

/* Begin XCBuildConfiguration section */
		52A2D6FF25F1F56D005027A9 /* Debug */ = {
			isa = XCBuildConfiguration;
			buildSettings = {
				ALWAYS_SEARCH_USER_PATHS = NO;
				CLANG_ANALYZER_NONNULL = YES;
				CLANG_ANALYZER_NUMBER_OBJECT_CONVERSION = YES_AGGRESSIVE;
				CLANG_CXX_LANGUAGE_STANDARD = "gnu++14";
				CLANG_CXX_LIBRARY = "libc++";
				CLANG_ENABLE_MODULES = YES;
				CLANG_ENABLE_OBJC_ARC = YES;
				CLANG_ENABLE_OBJC_WEAK = YES;
				CLANG_WARN_BLOCK_CAPTURE_AUTORELEASING = YES;
				CLANG_WARN_BOOL_CONVERSION = YES;
				CLANG_WARN_COMMA = YES;
				CLANG_WARN_CONSTANT_CONVERSION = YES;
				CLANG_WARN_DEPRECATED_OBJC_IMPLEMENTATIONS = YES;
				CLANG_WARN_DIRECT_OBJC_ISA_USAGE = YES_ERROR;
				CLANG_WARN_DOCUMENTATION_COMMENTS = YES;
				CLANG_WARN_EMPTY_BODY = YES;
				CLANG_WARN_ENUM_CONVERSION = YES;
				CLANG_WARN_INFINITE_RECURSION = YES;
				CLANG_WARN_INT_CONVERSION = YES;
				CLANG_WARN_NON_LITERAL_NULL_CONVERSION = YES;
				CLANG_WARN_OBJC_IMPLICIT_RETAIN_SELF = YES;
				CLANG_WARN_OBJC_LITERAL_CONVERSION = YES;
				CLANG_WARN_OBJC_ROOT_CLASS = YES_ERROR;
				CLANG_WARN_QUOTED_INCLUDE_IN_FRAMEWORK_HEADER = YES;
				CLANG_WARN_RANGE_LOOP_ANALYSIS = YES;
				CLANG_WARN_STRICT_PROTOTYPES = YES;
				CLANG_WARN_SUSPICIOUS_MOVE = YES;
				CLANG_WARN_UNGUARDED_AVAILABILITY = YES_AGGRESSIVE;
				CLANG_WARN_UNREACHABLE_CODE = YES;
				CLANG_WARN__DUPLICATE_METHOD_MATCH = YES;
				COPY_PHASE_STRIP = NO;
				DEBUG_INFORMATION_FORMAT = dwarf;
				ENABLE_STRICT_OBJC_MSGSEND = YES;
				ENABLE_TESTABILITY = YES;
				GCC_C_LANGUAGE_STANDARD = gnu11;
				GCC_DYNAMIC_NO_PIC = NO;
				GCC_NO_COMMON_BLOCKS = YES;
				GCC_OPTIMIZATION_LEVEL = 0;
				GCC_PREPROCESSOR_DEFINITIONS = (
					"DEBUG=1",
					"$(inherited)",
				);
				GCC_WARN_64_TO_32_BIT_CONVERSION = YES;
				GCC_WARN_ABOUT_RETURN_TYPE = YES_ERROR;
				GCC_WARN_UNDECLARED_SELECTOR = YES;
				GCC_WARN_UNINITIALIZED_AUTOS = YES_AGGRESSIVE;
				GCC_WARN_UNUSED_FUNCTION = YES;
				GCC_WARN_UNUSED_VARIABLE = YES;
				IPHONEOS_DEPLOYMENT_TARGET = 14.4;
				MTL_ENABLE_DEBUG_INFO = INCLUDE_SOURCE;
				MTL_FAST_MATH = YES;
				ONLY_ACTIVE_ARCH = YES;
				SDKROOT = iphoneos;
				SWIFT_ACTIVE_COMPILATION_CONDITIONS = DEBUG;
				SWIFT_OPTIMIZATION_LEVEL = "-Onone";
			};
			name = Debug;
		};
		52A2D70025F1F56D005027A9 /* Release */ = {
			isa = XCBuildConfiguration;
			buildSettings = {
				ALWAYS_SEARCH_USER_PATHS = NO;
				CLANG_ANALYZER_NONNULL = YES;
				CLANG_ANALYZER_NUMBER_OBJECT_CONVERSION = YES_AGGRESSIVE;
				CLANG_CXX_LANGUAGE_STANDARD = "gnu++14";
				CLANG_CXX_LIBRARY = "libc++";
				CLANG_ENABLE_MODULES = YES;
				CLANG_ENABLE_OBJC_ARC = YES;
				CLANG_ENABLE_OBJC_WEAK = YES;
				CLANG_WARN_BLOCK_CAPTURE_AUTORELEASING = YES;
				CLANG_WARN_BOOL_CONVERSION = YES;
				CLANG_WARN_COMMA = YES;
				CLANG_WARN_CONSTANT_CONVERSION = YES;
				CLANG_WARN_DEPRECATED_OBJC_IMPLEMENTATIONS = YES;
				CLANG_WARN_DIRECT_OBJC_ISA_USAGE = YES_ERROR;
				CLANG_WARN_DOCUMENTATION_COMMENTS = YES;
				CLANG_WARN_EMPTY_BODY = YES;
				CLANG_WARN_ENUM_CONVERSION = YES;
				CLANG_WARN_INFINITE_RECURSION = YES;
				CLANG_WARN_INT_CONVERSION = YES;
				CLANG_WARN_NON_LITERAL_NULL_CONVERSION = YES;
				CLANG_WARN_OBJC_IMPLICIT_RETAIN_SELF = YES;
				CLANG_WARN_OBJC_LITERAL_CONVERSION = YES;
				CLANG_WARN_OBJC_ROOT_CLASS = YES_ERROR;
				CLANG_WARN_QUOTED_INCLUDE_IN_FRAMEWORK_HEADER = YES;
				CLANG_WARN_RANGE_LOOP_ANALYSIS = YES;
				CLANG_WARN_STRICT_PROTOTYPES = YES;
				CLANG_WARN_SUSPICIOUS_MOVE = YES;
				CLANG_WARN_UNGUARDED_AVAILABILITY = YES_AGGRESSIVE;
				CLANG_WARN_UNREACHABLE_CODE = YES;
				CLANG_WARN__DUPLICATE_METHOD_MATCH = YES;
				COPY_PHASE_STRIP = NO;
				DEBUG_INFORMATION_FORMAT = "dwarf-with-dsym";
				ENABLE_NS_ASSERTIONS = NO;
				ENABLE_STRICT_OBJC_MSGSEND = YES;
				GCC_C_LANGUAGE_STANDARD = gnu11;
				GCC_NO_COMMON_BLOCKS = YES;
				GCC_WARN_64_TO_32_BIT_CONVERSION = YES;
				GCC_WARN_ABOUT_RETURN_TYPE = YES_ERROR;
				GCC_WARN_UNDECLARED_SELECTOR = YES;
				GCC_WARN_UNINITIALIZED_AUTOS = YES_AGGRESSIVE;
				GCC_WARN_UNUSED_FUNCTION = YES;
				GCC_WARN_UNUSED_VARIABLE = YES;
				IPHONEOS_DEPLOYMENT_TARGET = 14.4;
				MTL_ENABLE_DEBUG_INFO = NO;
				MTL_FAST_MATH = YES;
				SDKROOT = iphoneos;
				SWIFT_COMPILATION_MODE = wholemodule;
				SWIFT_OPTIMIZATION_LEVEL = "-O";
				VALIDATE_PRODUCT = YES;
			};
			name = Release;
		};
		52A2D70225F1F56D005027A9 /* Debug */ = {
			isa = XCBuildConfiguration;
			buildSettings = {
				ASSETCATALOG_COMPILER_APPICON_NAME = AppIcon;
				ASSETCATALOG_COMPILER_GLOBAL_ACCENT_COLOR_NAME = AccentColor;
				CODE_SIGN_STYLE = Automatic;
				DEVELOPMENT_TEAM = U4PL9MN2DM;
				INFOPLIST_FILE = "$(SRCROOT)/MarvelComic/Base/Info.plist";
				LD_RUNPATH_SEARCH_PATHS = (
					"$(inherited)",
					"@executable_path/Frameworks",
				);
				PRODUCT_BUNDLE_IDENTIFIER = Josafat.MarvelComic;
				PRODUCT_NAME = "$(TARGET_NAME)";
				SWIFT_VERSION = 5.0;
				TARGETED_DEVICE_FAMILY = "1,2";
			};
			name = Debug;
		};
		52A2D70325F1F56D005027A9 /* Release */ = {
			isa = XCBuildConfiguration;
			buildSettings = {
				ASSETCATALOG_COMPILER_APPICON_NAME = AppIcon;
				ASSETCATALOG_COMPILER_GLOBAL_ACCENT_COLOR_NAME = AccentColor;
				CODE_SIGN_STYLE = Automatic;
				DEVELOPMENT_TEAM = U4PL9MN2DM;
				INFOPLIST_FILE = "$(SRCROOT)/MarvelComic/Base/Info.plist";
				LD_RUNPATH_SEARCH_PATHS = (
					"$(inherited)",
					"@executable_path/Frameworks",
				);
				PRODUCT_BUNDLE_IDENTIFIER = Josafat.MarvelComic;
				PRODUCT_NAME = "$(TARGET_NAME)";
				SWIFT_VERSION = 5.0;
				TARGETED_DEVICE_FAMILY = "1,2";
			};
			name = Release;
		};
		52A2D70525F1F56D005027A9 /* Debug */ = {
			isa = XCBuildConfiguration;
			buildSettings = {
				ALWAYS_EMBED_SWIFT_STANDARD_LIBRARIES = YES;
				BUNDLE_LOADER = "$(TEST_HOST)";
				CODE_SIGN_STYLE = Automatic;
				DEVELOPMENT_TEAM = U4PL9MN2DM;
				INFOPLIST_FILE = MarvelComicTests/Info.plist;
				IPHONEOS_DEPLOYMENT_TARGET = 14.4;
				LD_RUNPATH_SEARCH_PATHS = (
					"$(inherited)",
					"@executable_path/Frameworks",
					"@loader_path/Frameworks",
				);
				PRODUCT_BUNDLE_IDENTIFIER = Josafat.MarvelComicTests;
				PRODUCT_NAME = "$(TARGET_NAME)";
				SWIFT_VERSION = 5.0;
				TARGETED_DEVICE_FAMILY = "1,2";
				TEST_HOST = "$(BUILT_PRODUCTS_DIR)/MarvelComic.app/MarvelComic";
			};
			name = Debug;
		};
		52A2D70625F1F56D005027A9 /* Release */ = {
			isa = XCBuildConfiguration;
			buildSettings = {
				ALWAYS_EMBED_SWIFT_STANDARD_LIBRARIES = YES;
				BUNDLE_LOADER = "$(TEST_HOST)";
				CODE_SIGN_STYLE = Automatic;
				DEVELOPMENT_TEAM = U4PL9MN2DM;
				INFOPLIST_FILE = MarvelComicTests/Info.plist;
				IPHONEOS_DEPLOYMENT_TARGET = 14.4;
				LD_RUNPATH_SEARCH_PATHS = (
					"$(inherited)",
					"@executable_path/Frameworks",
					"@loader_path/Frameworks",
				);
				PRODUCT_BUNDLE_IDENTIFIER = Josafat.MarvelComicTests;
				PRODUCT_NAME = "$(TARGET_NAME)";
				SWIFT_VERSION = 5.0;
				TARGETED_DEVICE_FAMILY = "1,2";
				TEST_HOST = "$(BUILT_PRODUCTS_DIR)/MarvelComic.app/MarvelComic";
			};
			name = Release;
		};
		52A2D70825F1F56D005027A9 /* Debug */ = {
			isa = XCBuildConfiguration;
			buildSettings = {
				ALWAYS_EMBED_SWIFT_STANDARD_LIBRARIES = YES;
				CODE_SIGN_STYLE = Automatic;
				DEVELOPMENT_TEAM = U4PL9MN2DM;
				INFOPLIST_FILE = MarvelComicUITests/Info.plist;
				LD_RUNPATH_SEARCH_PATHS = (
					"$(inherited)",
					"@executable_path/Frameworks",
					"@loader_path/Frameworks",
				);
				PRODUCT_BUNDLE_IDENTIFIER = Josafat.MarvelComicUITests;
				PRODUCT_NAME = "$(TARGET_NAME)";
				SWIFT_VERSION = 5.0;
				TARGETED_DEVICE_FAMILY = "1,2";
				TEST_TARGET_NAME = MarvelComic;
			};
			name = Debug;
		};
		52A2D70925F1F56D005027A9 /* Release */ = {
			isa = XCBuildConfiguration;
			buildSettings = {
				ALWAYS_EMBED_SWIFT_STANDARD_LIBRARIES = YES;
				CODE_SIGN_STYLE = Automatic;
				DEVELOPMENT_TEAM = U4PL9MN2DM;
				INFOPLIST_FILE = MarvelComicUITests/Info.plist;
				LD_RUNPATH_SEARCH_PATHS = (
					"$(inherited)",
					"@executable_path/Frameworks",
					"@loader_path/Frameworks",
				);
				PRODUCT_BUNDLE_IDENTIFIER = Josafat.MarvelComicUITests;
				PRODUCT_NAME = "$(TARGET_NAME)";
				SWIFT_VERSION = 5.0;
				TARGETED_DEVICE_FAMILY = "1,2";
				TEST_TARGET_NAME = MarvelComic;
			};
			name = Release;
		};
/* End XCBuildConfiguration section */

/* Begin XCConfigurationList section */
		52A2D6D225F1F56A005027A9 /* Build configuration list for PBXProject "MarvelComic" */ = {
			isa = XCConfigurationList;
			buildConfigurations = (
				52A2D6FF25F1F56D005027A9 /* Debug */,
				52A2D70025F1F56D005027A9 /* Release */,
			);
			defaultConfigurationIsVisible = 0;
			defaultConfigurationName = Release;
		};
		52A2D70125F1F56D005027A9 /* Build configuration list for PBXNativeTarget "MarvelComic" */ = {
			isa = XCConfigurationList;
			buildConfigurations = (
				52A2D70225F1F56D005027A9 /* Debug */,
				52A2D70325F1F56D005027A9 /* Release */,
			);
			defaultConfigurationIsVisible = 0;
			defaultConfigurationName = Release;
		};
		52A2D70425F1F56D005027A9 /* Build configuration list for PBXNativeTarget "MarvelComicTests" */ = {
			isa = XCConfigurationList;
			buildConfigurations = (
				52A2D70525F1F56D005027A9 /* Debug */,
				52A2D70625F1F56D005027A9 /* Release */,
			);
			defaultConfigurationIsVisible = 0;
			defaultConfigurationName = Release;
		};
		52A2D70725F1F56D005027A9 /* Build configuration list for PBXNativeTarget "MarvelComicUITests" */ = {
			isa = XCConfigurationList;
			buildConfigurations = (
				52A2D70825F1F56D005027A9 /* Debug */,
				52A2D70925F1F56D005027A9 /* Release */,
			);
			defaultConfigurationIsVisible = 0;
			defaultConfigurationName = Release;
		};
/* End XCConfigurationList section */
	};
	rootObject = 52A2D6CF25F1F56A005027A9 /* Project object */;
}
